
Microsoft Visual Studio Solution File, Format Version 12.00
# Visual Studio Version 16
VisualStudioVersion = 16.0.30907.101
MinimumVisualStudioVersion = 10.0.40219.1
Project("{FAE04EC0-301F-11D3-BF4B-00C04F79EFBC}") = "AsynchInnServ", "AsynchInnServ\AsynchInnServ.csproj", "{7F800CE0-D19F-419A-9DC7-C938DD72740E}"
EndProject
Global
	GlobalSection(SolutionConfigurationPlatforms) = preSolution
		Debug|Any CPU = Debug|Any CPU
		Release|Any CPU = Release|Any CPU
	EndGlobalSection
	GlobalSection(ProjectConfigurationPlatforms) = postSolution
		{7F800CE0-D19F-419A-9DC7-C938DD72740E}.Debug|Any CPU.ActiveCfg = Debug|Any CPU
		{7F800CE0-D19F-419A-9DC7-C938DD72740E}.Debug|Any CPU.Build.0 = Debug|Any CPU
		{7F800CE0-D19F-419A-9DC7-C938DD72740E}.Release|Any CPU.ActiveCfg = Release|Any CPU
		{7F800CE0-D19F-419A-9DC7-C938DD72740E}.Release|Any CPU.Build.0 = Release|Any CPU
	EndGlobalSection
	GlobalSection(SolutionProperties) = preSolution
		HideSolutionNode = FALSE
	EndGlobalSection
	GlobalSection(ExtensibilityGlobals) = postSolution
		SolutionGuid = {DE07532F-172C-43E2-9292-41731828D4F0}
	EndGlobalSection
EndGlobal
